
Microsoft Visual Studio Solution File, Format Version 12.00
# Visual Studio Version 17
VisualStudioVersion = 17.9.34622.214
MinimumVisualStudioVersion = 10.0.40219.1
Project("{FAE04EC0-301F-11D3-BF4B-00C04F79EFBC}") = "MentalPeaceGuider", "MentalPeaceGuider\MentalPeaceGuider.csproj", "{2AB34821-1E5C-45AE-B7AF-3D21DECB2262}"
EndProject
Global
	GlobalSection(SolutionConfigurationPlatforms) = preSolution
		Debug|Any CPU = Debug|Any CPU
		Release|Any CPU = Release|Any CPU
	EndGlobalSection
	GlobalSection(ProjectConfigurationPlatforms) = postSolution
		{2AB34821-1E5C-45AE-B7AF-3D21DECB2262}.Debug|Any CPU.ActiveCfg = Debug|Any CPU
		{2AB34821-1E5C-45AE-B7AF-3D21DECB2262}.Debug|Any CPU.Build.0 = Debug|Any CPU
		{2AB34821-1E5C-45AE-B7AF-3D21DECB2262}.Release|Any CPU.ActiveCfg = Release|Any CPU
		{2AB34821-1E5C-45AE-B7AF-3D21DECB2262}.Release|Any CPU.Build.0 = Release|Any CPU
	EndGlobalSection
	GlobalSection(SolutionProperties) = preSolution
		HideSolutionNode = FALSE
	EndGlobalSection
	GlobalSection(ExtensibilityGlobals) = postSolution
		SolutionGuid = {402222B4-9090-4790-8F5B-CB6027DBB473}
	EndGlobalSection
EndGlobal
